
Microsoft Visual Studio Solution File, Format Version 12.00
# Visual Studio Version 17
VisualStudioVersion = 17.13.35818.85 d17.13
MinimumVisualStudioVersion = 10.0.40219.1
Project("{FAE04EC0-301F-11D3-BF4B-00C04F79EFBC}") = "Biblioteca-L1-W1-BU2", "Biblioteca-L1-W1-BU2\Biblioteca-L1-W1-BU2.csproj", "{148DEF5F-1C9A-48DF-8E14-D1DE808C2F16}"
EndProject
Global
	GlobalSection(SolutionConfigurationPlatforms) = preSolution
		Debug|Any CPU = Debug|Any CPU
		Release|Any CPU = Release|Any CPU
	EndGlobalSection
	GlobalSection(ProjectConfigurationPlatforms) = postSolution
		{148DEF5F-1C9A-48DF-8E14-D1DE808C2F16}.Debug|Any CPU.ActiveCfg = Debug|Any CPU
		{148DEF5F-1C9A-48DF-8E14-D1DE808C2F16}.Debug|Any CPU.Build.0 = Debug|Any CPU
		{148DEF5F-1C9A-48DF-8E14-D1DE808C2F16}.Release|Any CPU.ActiveCfg = Release|Any CPU
		{148DEF5F-1C9A-48DF-8E14-D1DE808C2F16}.Release|Any CPU.Build.0 = Release|Any CPU
	EndGlobalSection
	GlobalSection(SolutionProperties) = preSolution
		HideSolutionNode = FALSE
	EndGlobalSection
	GlobalSection(ExtensibilityGlobals) = postSolution
		SolutionGuid = {419EE3CB-96D8-4ADC-A27B-A23014712EFE}
	EndGlobalSection
EndGlobal
